github.com/MaksimKandyba/go-tutorials/greetings v0.0.0-20231025195254-b2dc0e90dcc5 h1:vWmv2uI7bBkEu90/QiZuiLxE5wao9ZIPHw0MH4y1/VU=
github.com/MaksimKandyba/go-tutorials/greetings v0.0.0-20231025195254-b2dc0e90dcc5/go.mod h1:ErEDFJSJpkUZhvJqnuT9pj5EeuuGRT9wNXpa1np0aIc=
github.com/MaksimKandyba/go-tutorials/greetings v0.0.0-20231027182403-5c84150901b0 h1:frbOBF/eyJ9wCyb3nP82tniI22rylMdb4zbVGupStmM=
github.com/MaksimKandyba/go-tutorials/greetings v0.0.0-20231027182403-5c84150901b0/go.mod h1:ErEDFJSJpkUZhvJqnuT9pj5EeuuGRT9wNXpa1np0aIc=
