github.com/MaksimKandyba/go-tutorials/greetings v0.0.0-20231027190329-016dac68efdd h1:QsRvlUqdvmMoFyxlQZoeACEbDhK8hsZO5fWda2ZEeIU=
github.com/MaksimKandyba/go-tutorials/greetings v0.0.0-20231027190329-016dac68efdd/go.mod h1:ErEDFJSJpkUZhvJqnuT9pj5EeuuGRT9wNXpa1np0aIc=
github.com/MaksimKandyba/go-tutorials/greetings v0.0.0-20231101185856-9ae79e478e3d h1:tn5fauRnk9PiDbPp+ixFVtgausQPfW7iXR44Ze+iSHI=
github.com/MaksimKandyba/go-tutorials/greetings v0.0.0-20231101185856-9ae79e478e3d/go.mod h1:ErEDFJSJpkUZhvJqnuT9pj5EeuuGRT9wNXpa1np0aIc=
